
Microsoft Visual Studio Solution File, Format Version 12.00
# Visual Studio 14
VisualStudioVersion = 14.0.25420.1
MinimumVisualStudioVersion = 10.0.40219.1
Project("{FAE04EC0-301F-11D3-BF4B-00C04F79EFBC}") = "SkillsAssessment.Tests", "SkillsAssessment.Tests\SkillsAssessment.Tests.csproj", "{CAD48734-7F43-4F45-8333-C975C451EFBB}"
EndProject
Project("{FAE04EC0-301F-11D3-BF4B-00C04F79EFBC}") = "SkillsAssessment.Web", "SkillsAssessment.Web\SkillsAssessment.Web.csproj", "{728FDDF4-2291-41B1-A0AE-44927A08CBF3}"
EndProject
Project("{FAE04EC0-301F-11D3-BF4B-00C04F79EFBC}") = "SkillsAssessment.Web.Tests", "SkillsAssessment.Web.Tests\SkillsAssessment.Web.Tests.csproj", "{DB198AAF-A0BC-4CDC-BA86-38C641CA3686}"
EndProject
Global
	GlobalSection(SolutionConfigurationPlatforms) = preSolution
		Debug|Any CPU = Debug|Any CPU
		Release|Any CPU = Release|Any CPU
	EndGlobalSection
	GlobalSection(ProjectConfigurationPlatforms) = postSolution
		{CAD48734-7F43-4F45-8333-C975C451EFBB}.Debug|Any CPU.ActiveCfg = Debug|Any CPU
		{CAD48734-7F43-4F45-8333-C975C451EFBB}.Debug|Any CPU.Build.0 = Debug|Any CPU
		{CAD48734-7F43-4F45-8333-C975C451EFBB}.Release|Any CPU.ActiveCfg = Release|Any CPU
		{CAD48734-7F43-4F45-8333-C975C451EFBB}.Release|Any CPU.Build.0 = Release|Any CPU
		{728FDDF4-2291-41B1-A0AE-44927A08CBF3}.Debug|Any CPU.ActiveCfg = Debug|Any CPU
		{728FDDF4-2291-41B1-A0AE-44927A08CBF3}.Debug|Any CPU.Build.0 = Debug|Any CPU
		{728FDDF4-2291-41B1-A0AE-44927A08CBF3}.Release|Any CPU.ActiveCfg = Release|Any CPU
		{728FDDF4-2291-41B1-A0AE-44927A08CBF3}.Release|Any CPU.Build.0 = Release|Any CPU
		{DB198AAF-A0BC-4CDC-BA86-38C641CA3686}.Debug|Any CPU.ActiveCfg = Debug|Any CPU
		{DB198AAF-A0BC-4CDC-BA86-38C641CA3686}.Debug|Any CPU.Build.0 = Debug|Any CPU
		{DB198AAF-A0BC-4CDC-BA86-38C641CA3686}.Release|Any CPU.ActiveCfg = Release|Any CPU
		{DB198AAF-A0BC-4CDC-BA86-38C641CA3686}.Release|Any CPU.Build.0 = Release|Any CPU
	EndGlobalSection
	GlobalSection(SolutionProperties) = preSolution
		HideSolutionNode = FALSE
	EndGlobalSection
	GlobalSection(ExtensibilityGlobals) = postSolution
		SolutionGuid = {383A48F8-982E-4966-9DF7-56E8C81577FC}
	EndGlobalSection
EndGlobal
